
Microsoft Visual Studio Solution File, Format Version 12.00
# Visual Studio 15
VisualStudioVersion = 15.0.28307.168
MinimumVisualStudioVersion = 10.0.40219.1
Project("{FAE04EC0-301F-11D3-BF4B-00C04F79EFBC}") = "AppTurs.Android", "AppTurs\AppTurs.Android\AppTurs.Android.csproj", "{5DE5D37C-317E-4E3E-BBE7-C18780823461}"
EndProject
Project("{FAE04EC0-301F-11D3-BF4B-00C04F79EFBC}") = "AppTurs.iOS", "AppTurs\AppTurs.iOS\AppTurs.iOS.csproj", "{BF5DD77B-1159-4E09-91D5-985BFC2D8079}"
EndProject
Project("{FAE04EC0-301F-11D3-BF4B-00C04F79EFBC}") = "AppTurs", "AppTurs\AppTurs\AppTurs.csproj", "{AC135CC8-2D35-42F9-AD61-EEE1612367F2}"
EndProject
Project("{FAE04EC0-301F-11D3-BF4B-00C04F79EFBC}") = "AppTurs.Respaldo", "AppTurs.Respaldo\AppTurs.Respaldo.csproj", "{7F30945D-015A-47CF-9163-512E26A881F1}"
EndProject
Project("{FAE04EC0-301F-11D3-BF4B-00C04F79EFBC}") = "AppTurs.API", "AppTurs.API\AppTurs.API.csproj", "{1DD9B01A-80B6-4B3A-9482-63C393006D25}"
EndProject
Project("{FAE04EC0-301F-11D3-BF4B-00C04F79EFBC}") = "AppTurs.Comun", "AppTurs.Comun\AppTurs.Comun.csproj", "{0E82F3CB-3516-4D97-91B3-7ABD62C0B02B}"
EndProject
Project("{FAE04EC0-301F-11D3-BF4B-00C04F79EFBC}") = "AppTurs.Dominio", "AppTurs.Dominio\AppTurs.Dominio.csproj", "{E4C40527-B378-4200-8E2B-5EDDBC94CDF3}"
EndProject
Global
	GlobalSection(SolutionConfigurationPlatforms) = preSolution
		Ad-Hoc|Any CPU = Ad-Hoc|Any CPU
		Ad-Hoc|iPhone = Ad-Hoc|iPhone
		Ad-Hoc|iPhoneSimulator = Ad-Hoc|iPhoneSimulator
		AppStore|Any CPU = AppStore|Any CPU
		AppStore|iPhone = AppStore|iPhone
		AppStore|iPhoneSimulator = AppStore|iPhoneSimulator
		Debug|Any CPU = Debug|Any CPU
		Debug|iPhone = Debug|iPhone
		Debug|iPhoneSimulator = Debug|iPhoneSimulator
		Release|Any CPU = Release|Any CPU
		Release|iPhone = Release|iPhone
		Release|iPhoneSimulator = Release|iPhoneSimulator
	EndGlobalSection
	GlobalSection(ProjectConfigurationPlatforms) = postSolution
		{5DE5D37C-317E-4E3E-BBE7-C18780823461}.Ad-Hoc|Any CPU.ActiveCfg = Release|Any CPU
		{5DE5D37C-317E-4E3E-BBE7-C18780823461}.Ad-Hoc|Any CPU.Build.0 = Release|Any CPU
		{5DE5D37C-317E-4E3E-BBE7-C18780823461}.Ad-Hoc|Any CPU.Deploy.0 = Release|Any CPU
		{5DE5D37C-317E-4E3E-BBE7-C18780823461}.Ad-Hoc|iPhone.ActiveCfg = Release|Any CPU
		{5DE5D37C-317E-4E3E-BBE7-C18780823461}.Ad-Hoc|iPhone.Build.0 = Release|Any CPU
		{5DE5D37C-317E-4E3E-BBE7-C18780823461}.Ad-Hoc|iPhone.Deploy.0 = Release|Any CPU
		{5DE5D37C-317E-4E3E-BBE7-C18780823461}.Ad-Hoc|iPhoneSimulator.ActiveCfg = Release|Any CPU
		{5DE5D37C-317E-4E3E-BBE7-C18780823461}.Ad-Hoc|iPhoneSimulator.Build.0 = Release|Any CPU
		{5DE5D37C-317E-4E3E-BBE7-C18780823461}.Ad-Hoc|iPhoneSimulator.Deploy.0 = Release|Any CPU
		{5DE5D37C-317E-4E3E-BBE7-C18780823461}.AppStore|Any CPU.ActiveCfg = Release|Any CPU
		{5DE5D37C-317E-4E3E-BBE7-C18780823461}.AppStore|Any CPU.Build.0 = Release|Any CPU
		{5DE5D37C-317E-4E3E-BBE7-C18780823461}.AppStore|Any CPU.Deploy.0 = Release|Any CPU
		{5DE5D37C-317E-4E3E-BBE7-C18780823461}.AppStore|iPhone.ActiveCfg = Release|Any CPU
		{5DE5D37C-317E-4E3E-BBE7-C18780823461}.AppStore|iPhone.Build.0 = Release|Any CPU
		{5DE5D37C-317E-4E3E-BBE7-C18780823461}.AppStore|iPhone.Deploy.0 = Release|Any CPU
		{5DE5D37C-317E-4E3E-BBE7-C18780823461}.AppStore|iPhoneSimulator.ActiveCfg = Release|Any CPU
		{5DE5D37C-317E-4E3E-BBE7-C18780823461}.AppStore|iPhoneSimulator.Build.0 = Release|Any CPU
		{5DE5D37C-317E-4E3E-BBE7-C18780823461}.AppStore|iPhoneSimulator.Deploy.0 = Release|Any CPU
		{5DE5D37C-317E-4E3E-BBE7-C18780823461}.Debug|Any CPU.ActiveCfg = Debug|Any CPU
		{5DE5D37C-317E-4E3E-BBE7-C18780823461}.Debug|Any CPU.Build.0 = Debug|Any CPU
		{5DE5D37C-317E-4E3E-BBE7-C18780823461}.Debug|Any CPU.Deploy.0 = Debug|Any CPU
		{5DE5D37C-317E-4E3E-BBE7-C18780823461}.Debug|iPhone.ActiveCfg = Debug|Any CPU
		{5DE5D37C-317E-4E3E-BBE7-C18780823461}.Debug|iPhone.Build.0 = Debug|Any CPU
		{5DE5D37C-317E-4E3E-BBE7-C18780823461}.Debug|iPhone.Deploy.0 = Debug|Any CPU
		{5DE5D37C-317E-4E3E-BBE7-C18780823461}.Debug|iPhoneSimulator.ActiveCfg = Debug|Any CPU
		{5DE5D37C-317E-4E3E-BBE7-C18780823461}.Debug|iPhoneSimulator.Build.0 = Debug|Any CPU
		{5DE5D37C-317E-4E3E-BBE7-C18780823461}.Debug|iPhoneSimulator.Deploy.0 = Debug|Any CPU
		{5DE5D37C-317E-4E3E-BBE7-C18780823461}.Release|Any CPU.ActiveCfg = Release|Any CPU
		{5DE5D37C-317E-4E3E-BBE7-C18780823461}.Release|Any CPU.Build.0 = Release|Any CPU
		{5DE5D37C-317E-4E3E-BBE7-C18780823461}.Release|Any CPU.Deploy.0 = Release|Any CPU
		{5DE5D37C-317E-4E3E-BBE7-C18780823461}.Release|iPhone.ActiveCfg = Release|Any CPU
		{5DE5D37C-317E-4E3E-BBE7-C18780823461}.Release|iPhone.Build.0 = Release|Any CPU
		{5DE5D37C-317E-4E3E-BBE7-C18780823461}.Release|iPhone.Deploy.0 = Release|Any CPU
		{5DE5D37C-317E-4E3E-BBE7-C18780823461}.Release|iPhoneSimulator.ActiveCfg = Release|Any CPU
		{5DE5D37C-317E-4E3E-BBE7-C18780823461}.Release|iPhoneSimulator.Build.0 = Release|Any CPU
		{5DE5D37C-317E-4E3E-BBE7-C18780823461}.Release|iPhoneSimulator.Deploy.0 = Release|Any CPU
		{BF5DD77B-1159-4E09-91D5-985BFC2D8079}.Ad-Hoc|Any CPU.ActiveCfg = Ad-Hoc|iPhone
		{BF5DD77B-1159-4E09-91D5-985BFC2D8079}.Ad-Hoc|Any CPU.Build.0 = Ad-Hoc|iPhone
		{BF5DD77B-1159-4E09-91D5-985BFC2D8079}.Ad-Hoc|Any CPU.Deploy.0 = Ad-Hoc|iPhone
		{BF5DD77B-1159-4E09-91D5-985BFC2D8079}.Ad-Hoc|iPhone.ActiveCfg = Ad-Hoc|iPhone
		{BF5DD77B-1159-4E09-91D5-985BFC2D8079}.Ad-Hoc|iPhone.Build.0 = Ad-Hoc|iPhone
		{BF5DD77B-1159-4E09-91D5-985BFC2D8079}.Ad-Hoc|iPhone.Deploy.0 = Ad-Hoc|iPhone
		{BF5DD77B-1159-4E09-91D5-985BFC2D8079}.Ad-Hoc|iPhoneSimulator.ActiveCfg = Ad-Hoc|iPhoneSimulator
		{BF5DD77B-1159-4E09-91D5-985BFC2D8079}.Ad-Hoc|iPhoneSimulator.Build.0 = Ad-Hoc|iPhoneSimulator
		{BF5DD77B-1159-4E09-91D5-985BFC2D8079}.Ad-Hoc|iPhoneSimulator.Deploy.0 = Ad-Hoc|iPhoneSimulator
		{BF5DD77B-1159-4E09-91D5-985BFC2D8079}.AppStore|Any CPU.ActiveCfg = AppStore|iPhone
		{BF5DD77B-1159-4E09-91D5-985BFC2D8079}.AppStore|Any CPU.Build.0 = AppStore|iPhone
		{BF5DD77B-1159-4E09-91D5-985BFC2D8079}.AppStore|Any CPU.Deploy.0 = AppStore|iPhone
		{BF5DD77B-1159-4E09-91D5-985BFC2D8079}.AppStore|iPhone.ActiveCfg = AppStore|iPhone
		{BF5DD77B-1159-4E09-91D5-985BFC2D8079}.AppStore|iPhone.Build.0 = AppStore|iPhone
		{BF5DD77B-1159-4E09-91D5-985BFC2D8079}.AppStore|iPhone.Deploy.0 = AppStore|iPhone
		{BF5DD77B-1159-4E09-91D5-985BFC2D8079}.AppStore|iPhoneSimulator.ActiveCfg = AppStore|iPhoneSimulator
		{BF5DD77B-1159-4E09-91D5-985BFC2D8079}.AppStore|iPhoneSimulator.Build.0 = AppStore|iPhoneSimulator
		{BF5DD77B-1159-4E09-91D5-985BFC2D8079}.AppStore|iPhoneSimulator.Deploy.0 = AppStore|iPhoneSimulator
		{BF5DD77B-1159-4E09-91D5-985BFC2D8079}.Debug|Any CPU.ActiveCfg = Debug|iPhoneSimulator
		{BF5DD77B-1159-4E09-91D5-985BFC2D8079}.Debug|Any CPU.Build.0 = Debug|iPhoneSimulator
		{BF5DD77B-1159-4E09-91D5-985BFC2D8079}.Debug|Any CPU.Deploy.0 = Debug|iPhoneSimulator
		{BF5DD77B-1159-4E09-91D5-985BFC2D8079}.Debug|iPhone.ActiveCfg = Debug|iPhone
		{BF5DD77B-1159-4E09-91D5-985BFC2D8079}.Debug|iPhone.Build.0 = Debug|iPhone
		{BF5DD77B-1159-4E09-91D5-985BFC2D8079}.Debug|iPhone.Deploy.0 = Debug|iPhone
		{BF5DD77B-1159-4E09-91D5-985BFC2D8079}.Debug|iPhoneSimulator.ActiveCfg = Debug|iPhoneSimulator
		{BF5DD77B-1159-4E09-91D5-985BFC2D8079}.Debug|iPhoneSimulator.Build.0 = Debug|iPhoneSimulator
		{BF5DD77B-1159-4E09-91D5-985BFC2D8079}.Debug|iPhoneSimulator.Deploy.0 = Debug|iPhoneSimulator
		{BF5DD77B-1159-4E09-91D5-985BFC2D8079}.Release|Any CPU.ActiveCfg = Release|iPhone
		{BF5DD77B-1159-4E09-91D5-985BFC2D8079}.Release|Any CPU.Build.0 = Release|iPhone
		{BF5DD77B-1159-4E09-91D5-985BFC2D8079}.Release|Any CPU.Deploy.0 = Release|iPhone
		{BF5DD77B-1159-4E09-91D5-985BFC2D8079}.Release|iPhone.ActiveCfg = Release|iPhone
		{BF5DD77B-1159-4E09-91D5-985BFC2D8079}.Release|iPhone.Build.0 = Release|iPhone
		{BF5DD77B-1159-4E09-91D5-985BFC2D8079}.Release|iPhone.Deploy.0 = Release|iPhone
		{BF5DD77B-1159-4E09-91D5-985BFC2D8079}.Release|iPhoneSimulator.ActiveCfg = Release|iPhoneSimulator
		{BF5DD77B-1159-4E09-91D5-985BFC2D8079}.Release|iPhoneSimulator.Build.0 = Release|iPhoneSimulator
		{BF5DD77B-1159-4E09-91D5-985BFC2D8079}.Release|iPhoneSimulator.Deploy.0 = Release|iPhoneSimulator
		{AC135CC8-2D35-42F9-AD61-EEE1612367F2}.Ad-Hoc|Any CPU.ActiveCfg = Debug|Any CPU
		{AC135CC8-2D35-42F9-AD61-EEE1612367F2}.Ad-Hoc|Any CPU.Build.0 = Debug|Any CPU
		{AC135CC8-2D35-42F9-AD61-EEE1612367F2}.Ad-Hoc|Any CPU.Deploy.0 = Debug|Any CPU
		{AC135CC8-2D35-42F9-AD61-EEE1612367F2}.Ad-Hoc|iPhone.ActiveCfg = Debug|Any CPU
		{AC135CC8-2D35-42F9-AD61-EEE1612367F2}.Ad-Hoc|iPhone.Build.0 = Debug|Any CPU
		{AC135CC8-2D35-42F9-AD61-EEE1612367F2}.Ad-Hoc|iPhone.Deploy.0 = Debug|Any CPU
		{AC135CC8-2D35-42F9-AD61-EEE1612367F2}.Ad-Hoc|iPhoneSimulator.ActiveCfg = Debug|Any CPU
		{AC135CC8-2D35-42F9-AD61-EEE1612367F2}.Ad-Hoc|iPhoneSimulator.Build.0 = Debug|Any CPU
		{AC135CC8-2D35-42F9-AD61-EEE1612367F2}.Ad-Hoc|iPhoneSimulator.Deploy.0 = Debug|Any CPU
		{AC135CC8-2D35-42F9-AD61-EEE1612367F2}.AppStore|Any CPU.ActiveCfg = Debug|Any CPU
		{AC135CC8-2D35-42F9-AD61-EEE1612367F2}.AppStore|Any CPU.Build.0 = Debug|Any CPU
		{AC135CC8-2D35-42F9-AD61-EEE1612367F2}.AppStore|Any CPU.Deploy.0 = Debug|Any CPU
		{AC135CC8-2D35-42F9-AD61-EEE1612367F2}.AppStore|iPhone.ActiveCfg = Debug|Any CPU
		{AC135CC8-2D35-42F9-AD61-EEE1612367F2}.AppStore|iPhone.Build.0 = Debug|Any CPU
		{AC135CC8-2D35-42F9-AD61-EEE1612367F2}.AppStore|iPhone.Deploy.0 = Debug|Any CPU
		{AC135CC8-2D35-42F9-AD61-EEE1612367F2}.AppStore|iPhoneSimulator.ActiveCfg = Debug|Any CPU
		{AC135CC8-2D35-42F9-AD61-EEE1612367F2}.AppStore|iPhoneSimulator.Build.0 = Debug|Any CPU
		{AC135CC8-2D35-42F9-AD61-EEE1612367F2}.AppStore|iPhoneSimulator.Deploy.0 = Debug|Any CPU
		{AC135CC8-2D35-42F9-AD61-EEE1612367F2}.Debug|Any CPU.ActiveCfg = Debug|Any CPU
		{AC135CC8-2D35-42F9-AD61-EEE1612367F2}.Debug|Any CPU.Build.0 = Debug|Any CPU
		{AC135CC8-2D35-42F9-AD61-EEE1612367F2}.Debug|Any CPU.Deploy.0 = Debug|Any CPU
		{AC135CC8-2D35-42F9-AD61-EEE1612367F2}.Debug|iPhone.ActiveCfg = Debug|Any CPU
		{AC135CC8-2D35-42F9-AD61-EEE1612367F2}.Debug|iPhone.Build.0 = Debug|Any CPU
		{AC135CC8-2D35-42F9-AD61-EEE1612367F2}.Debug|iPhone.Deploy.0 = Debug|Any CPU
		{AC135CC8-2D35-42F9-AD61-EEE1612367F2}.Debug|iPhoneSimulator.ActiveCfg = Debug|Any CPU
		{AC135CC8-2D35-42F9-AD61-EEE1612367F2}.Debug|iPhoneSimulator.Build.0 = Debug|Any CPU
		{AC135CC8-2D35-42F9-AD61-EEE1612367F2}.Debug|iPhoneSimulator.Deploy.0 = Debug|Any CPU
		{AC135CC8-2D35-42F9-AD61-EEE1612367F2}.Release|Any CPU.ActiveCfg = Release|Any CPU
		{AC135CC8-2D35-42F9-AD61-EEE1612367F2}.Release|Any CPU.Build.0 = Release|Any CPU
		{AC135CC8-2D35-42F9-AD61-EEE1612367F2}.Release|Any CPU.Deploy.0 = Release|Any CPU
		{AC135CC8-2D35-42F9-AD61-EEE1612367F2}.Release|iPhone.ActiveCfg = Release|Any CPU
		{AC135CC8-2D35-42F9-AD61-EEE1612367F2}.Release|iPhone.Build.0 = Release|Any CPU
		{AC135CC8-2D35-42F9-AD61-EEE1612367F2}.Release|iPhone.Deploy.0 = Release|Any CPU
		{AC135CC8-2D35-42F9-AD61-EEE1612367F2}.Release|iPhoneSimulator.ActiveCfg = Release|Any CPU
		{AC135CC8-2D35-42F9-AD61-EEE1612367F2}.Release|iPhoneSimulator.Build.0 = Release|Any CPU
		{AC135CC8-2D35-42F9-AD61-EEE1612367F2}.Release|iPhoneSimulator.Deploy.0 = Release|Any CPU
		{7F30945D-015A-47CF-9163-512E26A881F1}.Ad-Hoc|Any CPU.ActiveCfg = Release|Any CPU
		{7F30945D-015A-47CF-9163-512E26A881F1}.Ad-Hoc|Any CPU.Build.0 = Release|Any CPU
		{7F30945D-015A-47CF-9163-512E26A881F1}.Ad-Hoc|iPhone.ActiveCfg = Release|Any CPU
		{7F30945D-015A-47CF-9163-512E26A881F1}.Ad-Hoc|iPhone.Build.0 = Release|Any CPU
		{7F30945D-015A-47CF-9163-512E26A881F1}.Ad-Hoc|iPhoneSimulator.ActiveCfg = Release|Any CPU
		{7F30945D-015A-47CF-9163-512E26A881F1}.Ad-Hoc|iPhoneSimulator.Build.0 = Release|Any CPU
		{7F30945D-015A-47CF-9163-512E26A881F1}.AppStore|Any CPU.ActiveCfg = Release|Any CPU
		{7F30945D-015A-47CF-9163-512E26A881F1}.AppStore|Any CPU.Build.0 = Release|Any CPU
		{7F30945D-015A-47CF-9163-512E26A881F1}.AppStore|iPhone.ActiveCfg = Release|Any CPU
		{7F30945D-015A-47CF-9163-512E26A881F1}.AppStore|iPhone.Build.0 = Release|Any CPU
		{7F30945D-015A-47CF-9163-512E26A881F1}.AppStore|iPhoneSimulator.ActiveCfg = Release|Any CPU
		{7F30945D-015A-47CF-9163-512E26A881F1}.AppStore|iPhoneSimulator.Build.0 = Release|Any CPU
		{7F30945D-015A-47CF-9163-512E26A881F1}.Debug|Any CPU.ActiveCfg = Debug|Any CPU
		{7F30945D-015A-47CF-9163-512E26A881F1}.Debug|Any CPU.Build.0 = Debug|Any CPU
		{7F30945D-015A-47CF-9163-512E26A881F1}.Debug|iPhone.ActiveCfg = Debug|Any CPU
		{7F30945D-015A-47CF-9163-512E26A881F1}.Debug|iPhone.Build.0 = Debug|Any CPU
		{7F30945D-015A-47CF-9163-512E26A881F1}.Debug|iPhoneSimulator.ActiveCfg = Debug|Any CPU
		{7F30945D-015A-47CF-9163-512E26A881F1}.Debug|iPhoneSimulator.Build.0 = Debug|Any CPU
		{7F30945D-015A-47CF-9163-512E26A881F1}.Release|Any CPU.ActiveCfg = Release|Any CPU
		{7F30945D-015A-47CF-9163-512E26A881F1}.Release|Any CPU.Build.0 = Release|Any CPU
		{7F30945D-015A-47CF-9163-512E26A881F1}.Release|iPhone.ActiveCfg = Release|Any CPU
		{7F30945D-015A-47CF-9163-512E26A881F1}.Release|iPhone.Build.0 = Release|Any CPU
		{7F30945D-015A-47CF-9163-512E26A881F1}.Release|iPhoneSimulator.ActiveCfg = Release|Any CPU
		{7F30945D-015A-47CF-9163-512E26A881F1}.Release|iPhoneSimulator.Build.0 = Release|Any CPU
		{1DD9B01A-80B6-4B3A-9482-63C393006D25}.Ad-Hoc|Any CPU.ActiveCfg = Release|Any CPU
		{1DD9B01A-80B6-4B3A-9482-63C393006D25}.Ad-Hoc|Any CPU.Build.0 = Release|Any CPU
		{1DD9B01A-80B6-4B3A-9482-63C393006D25}.Ad-Hoc|iPhone.ActiveCfg = Release|Any CPU
		{1DD9B01A-80B6-4B3A-9482-63C393006D25}.Ad-Hoc|iPhone.Build.0 = Release|Any CPU
		{1DD9B01A-80B6-4B3A-9482-63C393006D25}.Ad-Hoc|iPhoneSimulator.ActiveCfg = Release|Any CPU
		{1DD9B01A-80B6-4B3A-9482-63C393006D25}.Ad-Hoc|iPhoneSimulator.Build.0 = Release|Any CPU
		{1DD9B01A-80B6-4B3A-9482-63C393006D25}.AppStore|Any CPU.ActiveCfg = Release|Any CPU
		{1DD9B01A-80B6-4B3A-9482-63C393006D25}.AppStore|Any CPU.Build.0 = Release|Any CPU
		{1DD9B01A-80B6-4B3A-9482-63C393006D25}.AppStore|iPhone.ActiveCfg = Release|Any CPU
		{1DD9B01A-80B6-4B3A-9482-63C393006D25}.AppStore|iPhone.Build.0 = Release|Any CPU
		{1DD9B01A-80B6-4B3A-9482-63C393006D25}.AppStore|iPhoneSimulator.ActiveCfg = Release|Any CPU
		{1DD9B01A-80B6-4B3A-9482-63C393006D25}.AppStore|iPhoneSimulator.Build.0 = Release|Any CPU
		{1DD9B01A-80B6-4B3A-9482-63C393006D25}.Debug|Any CPU.ActiveCfg = Debug|Any CPU
		{1DD9B01A-80B6-4B3A-9482-63C393006D25}.Debug|Any CPU.Build.0 = Debug|Any CPU
		{1DD9B01A-80B6-4B3A-9482-63C393006D25}.Debug|iPhone.ActiveCfg = Debug|Any CPU
		{1DD9B01A-80B6-4B3A-9482-63C393006D25}.Debug|iPhone.Build.0 = Debug|Any CPU
		{1DD9B01A-80B6-4B3A-9482-63C393006D25}.Debug|iPhoneSimulator.ActiveCfg = Debug|Any CPU
		{1DD9B01A-80B6-4B3A-9482-63C393006D25}.Debug|iPhoneSimulator.Build.0 = Debug|Any CPU
		{1DD9B01A-80B6-4B3A-9482-63C393006D25}.Release|Any CPU.ActiveCfg = Release|Any CPU
		{1DD9B01A-80B6-4B3A-9482-63C393006D25}.Release|Any CPU.Build.0 = Release|Any CPU
		{1DD9B01A-80B6-4B3A-9482-63C393006D25}.Release|iPhone.ActiveCfg = Release|Any CPU
		{1DD9B01A-80B6-4B3A-9482-63C393006D25}.Release|iPhone.Build.0 = Release|Any CPU
		{1DD9B01A-80B6-4B3A-9482-63C393006D25}.Release|iPhoneSimulator.ActiveCfg = Release|Any CPU
		{1DD9B01A-80B6-4B3A-9482-63C393006D25}.Release|iPhoneSimulator.Build.0 = Release|Any CPU
		{0E82F3CB-3516-4D97-91B3-7ABD62C0B02B}.Ad-Hoc|Any CPU.ActiveCfg = Release|Any CPU
		{0E82F3CB-3516-4D97-91B3-7ABD62C0B02B}.Ad-Hoc|Any CPU.Build.0 = Release|Any CPU
		{0E82F3CB-3516-4D97-91B3-7ABD62C0B02B}.Ad-Hoc|iPhone.ActiveCfg = Release|Any CPU
		{0E82F3CB-3516-4D97-91B3-7ABD62C0B02B}.Ad-Hoc|iPhone.Build.0 = Release|Any CPU
		{0E82F3CB-3516-4D97-91B3-7ABD62C0B02B}.Ad-Hoc|iPhoneSimulator.ActiveCfg = Release|Any CPU
		{0E82F3CB-3516-4D97-91B3-7ABD62C0B02B}.Ad-Hoc|iPhoneSimulator.Build.0 = Release|Any CPU
		{0E82F3CB-3516-4D97-91B3-7ABD62C0B02B}.AppStore|Any CPU.ActiveCfg = Release|Any CPU
		{0E82F3CB-3516-4D97-91B3-7ABD62C0B02B}.AppStore|Any CPU.Build.0 = Release|Any CPU
		{0E82F3CB-3516-4D97-91B3-7ABD62C0B02B}.AppStore|iPhone.ActiveCfg = Release|Any CPU
		{0E82F3CB-3516-4D97-91B3-7ABD62C0B02B}.AppStore|iPhone.Build.0 = Release|Any CPU
		{0E82F3CB-3516-4D97-91B3-7ABD62C0B02B}.AppStore|iPhoneSimulator.ActiveCfg = Release|Any CPU
		{0E82F3CB-3516-4D97-91B3-7ABD62C0B02B}.AppStore|iPhoneSimulator.Build.0 = Release|Any CPU
		{0E82F3CB-3516-4D97-91B3-7ABD62C0B02B}.Debug|Any CPU.ActiveCfg = Debug|Any CPU
		{0E82F3CB-3516-4D97-91B3-7ABD62C0B02B}.Debug|Any CPU.Build.0 = Debug|Any CPU
		{0E82F3CB-3516-4D97-91B3-7ABD62C0B02B}.Debug|iPhone.ActiveCfg = Debug|Any CPU
		{0E82F3CB-3516-4D97-91B3-7ABD62C0B02B}.Debug|iPhone.Build.0 = Debug|Any CPU
		{0E82F3CB-3516-4D97-91B3-7ABD62C0B02B}.Debug|iPhoneSimulator.ActiveCfg = Debug|Any CPU
		{0E82F3CB-3516-4D97-91B3-7ABD62C0B02B}.Debug|iPhoneSimulator.Build.0 = Debug|Any CPU
		{0E82F3CB-3516-4D97-91B3-7ABD62C0B02B}.Release|Any CPU.ActiveCfg = Release|Any CPU
		{0E82F3CB-3516-4D97-91B3-7ABD62C0B02B}.Release|Any CPU.Build.0 = Release|Any CPU
		{0E82F3CB-3516-4D97-91B3-7ABD62C0B02B}.Release|iPhone.ActiveCfg = Release|Any CPU
		{0E82F3CB-3516-4D97-91B3-7ABD62C0B02B}.Release|iPhone.Build.0 = Release|Any CPU
		{0E82F3CB-3516-4D97-91B3-7ABD62C0B02B}.Release|iPhoneSimulator.ActiveCfg = Release|Any CPU
		{0E82F3CB-3516-4D97-91B3-7ABD62C0B02B}.Release|iPhoneSimulator.Build.0 = Release|Any CPU
		{E4C40527-B378-4200-8E2B-5EDDBC94CDF3}.Ad-Hoc|Any CPU.ActiveCfg = Release|Any CPU
		{E4C40527-B378-4200-8E2B-5EDDBC94CDF3}.Ad-Hoc|Any CPU.Build.0 = Release|Any CPU
		{E4C40527-B378-4200-8E2B-5EDDBC94CDF3}.Ad-Hoc|iPhone.ActiveCfg = Release|Any CPU
		{E4C40527-B378-4200-8E2B-5EDDBC94CDF3}.Ad-Hoc|iPhone.Build.0 = Release|Any CPU
		{E4C40527-B378-4200-8E2B-5EDDBC94CDF3}.Ad-Hoc|iPhoneSimulator.ActiveCfg = Release|Any CPU
		{E4C40527-B378-4200-8E2B-5EDDBC94CDF3}.Ad-Hoc|iPhoneSimulator.Build.0 = Release|Any CPU
		{E4C40527-B378-4200-8E2B-5EDDBC94CDF3}.AppStore|Any CPU.ActiveCfg = Release|Any CPU
		{E4C40527-B378-4200-8E2B-5EDDBC94CDF3}.AppStore|Any CPU.Build.0 = Release|Any CPU
		{E4C40527-B378-4200-8E2B-5EDDBC94CDF3}.AppStore|iPhone.ActiveCfg = Release|Any CPU
		{E4C40527-B378-4200-8E2B-5EDDBC94CDF3}.AppStore|iPhone.Build.0 = Release|Any CPU
		{E4C40527-B378-4200-8E2B-5EDDBC94CDF3}.AppStore|iPhoneSimulator.ActiveCfg = Release|Any CPU
		{E4C40527-B378-4200-8E2B-5EDDBC94CDF3}.AppStore|iPhoneSimulator.Build.0 = Release|Any CPU
		{E4C40527-B378-4200-8E2B-5EDDBC94CDF3}.Debug|Any CPU.ActiveCfg = Debug|Any CPU
		{E4C40527-B378-4200-8E2B-5EDDBC94CDF3}.Debug|Any CPU.Build.0 = Debug|Any CPU
		{E4C40527-B378-4200-8E2B-5EDDBC94CDF3}.Debug|iPhone.ActiveCfg = Debug|Any CPU
		{E4C40527-B378-4200-8E2B-5EDDBC94CDF3}.Debug|iPhone.Build.0 = Debug|Any CPU
		{E4C40527-B378-4200-8E2B-5EDDBC94CDF3}.Debug|iPhoneSimulator.ActiveCfg = Debug|Any CPU
		{E4C40527-B378-4200-8E2B-5EDDBC94CDF3}.Debug|iPhoneSimulator.Build.0 = Debug|Any CPU
		{E4C40527-B378-4200-8E2B-5EDDBC94CDF3}.Release|Any CPU.ActiveCfg = Release|Any CPU
		{E4C40527-B378-4200-8E2B-5EDDBC94CDF3}.Release|Any CPU.Build.0 = Release|Any CPU
		{E4C40527-B378-4200-8E2B-5EDDBC94CDF3}.Release|iPhone.ActiveCfg = Release|Any CPU
		{E4C40527-B378-4200-8E2B-5EDDBC94CDF3}.Release|iPhone.Build.0 = Release|Any CPU
		{E4C40527-B378-4200-8E2B-5EDDBC94CDF3}.Release|iPhoneSimulator.ActiveCfg = Release|Any CPU
		{E4C40527-B378-4200-8E2B-5EDDBC94CDF3}.Release|iPhoneSimulator.Build.0 = Release|Any CPU
	EndGlobalSection
	GlobalSection(SolutionProperties) = preSolution
		HideSolutionNode = FALSE
	EndGlobalSection
	GlobalSection(ExtensibilityGlobals) = postSolution
		SolutionGuid = {2652BAE9-1C2D-4597-A19E-BDA79644EF3A}
	EndGlobalSection
EndGlobal
